// !$*UTF8*$!
{
	archiveVersion = 1;
	classes = {
	};
	objectVersion = 56;
	objects = {

/* Begin PBXBuildFile section */
		9E1B08952BD2047E007AAB48 /* SnapKit in Frameworks */ = {isa = PBXBuildFile; productRef = 9E1B08942BD2047E007AAB48 /* SnapKit */; };
		9E1B08982BD20489007AAB48 /* Then in Frameworks */ = {isa = PBXBuildFile; productRef = 9E1B08972BD20489007AAB48 /* Then */; };
		9E1B089D2BD20629007AAB48 /* BaseView.swift in Sources */ = {isa = PBXBuildFile; fileRef = 9E1B089C2BD20629007AAB48 /* BaseView.swift */; };
		9E1B089F2BD20632007AAB48 /* BaseViewController.swift in Sources */ = {isa = PBXBuildFile; fileRef = 9E1B089E2BD20632007AAB48 /* BaseViewController.swift */; };
		9E1B08AC2BD206F1007AAB48 /* Font.swift in Sources */ = {isa = PBXBuildFile; fileRef = 9E1B08A02BD206F1007AAB48 /* Font.swift */; };
		9E1B08AD2BD206F1007AAB48 /* Pretendard-Black.otf in Resources */ = {isa = PBXBuildFile; fileRef = 9E1B08A12BD206F1007AAB48 /* Pretendard-Black.otf */; };
		9E1B08AE2BD206F1007AAB48 /* Pretendard-Bold.otf in Resources */ = {isa = PBXBuildFile; fileRef = 9E1B08A22BD206F1007AAB48 /* Pretendard-Bold.otf */; };
		9E1B08AF2BD206F1007AAB48 /* Pretendard-ExtraBold.otf in Resources */ = {isa = PBXBuildFile; fileRef = 9E1B08A32BD206F1007AAB48 /* Pretendard-ExtraBold.otf */; };
		9E1B08B02BD206F1007AAB48 /* Pretendard-ExtraLight.otf in Resources */ = {isa = PBXBuildFile; fileRef = 9E1B08A42BD206F1007AAB48 /* Pretendard-ExtraLight.otf */; };
		9E1B08B12BD206F1007AAB48 /* Pretendard-Light.otf in Resources */ = {isa = PBXBuildFile; fileRef = 9E1B08A52BD206F1007AAB48 /* Pretendard-Light.otf */; };
		9E1B08B22BD206F1007AAB48 /* Pretendard-Medium.otf in Resources */ = {isa = PBXBuildFile; fileRef = 9E1B08A62BD206F1007AAB48 /* Pretendard-Medium.otf */; };
		9E1B08B32BD206F1007AAB48 /* Pretendard-Regular.otf in Resources */ = {isa = PBXBuildFile; fileRef = 9E1B08A72BD206F1007AAB48 /* Pretendard-Regular.otf */; };
		9E1B08B42BD206F1007AAB48 /* Pretendard-SemiBold.otf in Resources */ = {isa = PBXBuildFile; fileRef = 9E1B08A82BD206F1007AAB48 /* Pretendard-SemiBold.otf */; };
		9E1B08B52BD206F1007AAB48 /* Pretendard-Thin.otf in Resources */ = {isa = PBXBuildFile; fileRef = 9E1B08A92BD206F1007AAB48 /* Pretendard-Thin.otf */; };
		9E1B08BC2BD20A02007AAB48 /* UIColor++.swift in Sources */ = {isa = PBXBuildFile; fileRef = 9E1B08BB2BD20A02007AAB48 /* UIColor++.swift */; };
		9E1B08BF2BD20D59007AAB48 /* LoginView.swift in Sources */ = {isa = PBXBuildFile; fileRef = 9E1B08BE2BD20D59007AAB48 /* LoginView.swift */; };
		9E1B08C12BD20D63007AAB48 /* LoginViewController.swift in Sources */ = {isa = PBXBuildFile; fileRef = 9E1B08C02BD20D63007AAB48 /* LoginViewController.swift */; };
		9E1B08C52BD21505007AAB48 /* UIView++.swift in Sources */ = {isa = PBXBuildFile; fileRef = 9E1B08C42BD21505007AAB48 /* UIView++.swift */; };
		9E1B08C72BD2253B007AAB48 /* UITextField++.swift in Sources */ = {isa = PBXBuildFile; fileRef = 9E1B08C62BD2253B007AAB48 /* UITextField++.swift */; };
		9E1B08CA2BD2407F007AAB48 /* StringLiterals.swift in Sources */ = {isa = PBXBuildFile; fileRef = 9E1B08C92BD2407F007AAB48 /* StringLiterals.swift */; };
		9E1B08CC2BD247DE007AAB48 /* UIButton++.swift in Sources */ = {isa = PBXBuildFile; fileRef = 9E1B08CB2BD247DE007AAB48 /* UIButton++.swift */; };
		9E1B08CE2BD294AE007AAB48 /* UIStackView++.swift in Sources */ = {isa = PBXBuildFile; fileRef = 9E1B08CD2BD294AE007AAB48 /* UIStackView++.swift */; };
		9E1B08D12BD295C0007AAB48 /* WelcomeView.swift in Sources */ = {isa = PBXBuildFile; fileRef = 9E1B08D02BD295C0007AAB48 /* WelcomeView.swift */; };
		9E1B08D32BD295E1007AAB48 /* WelcomeViewController.swift in Sources */ = {isa = PBXBuildFile; fileRef = 9E1B08D22BD295E1007AAB48 /* WelcomeViewController.swift */; };
		9E1B08ED2BD96B64007AAB48 /* Image.xcassets in Resources */ = {isa = PBXBuildFile; fileRef = 9E1B08EC2BD96B64007AAB48 /* Image.xcassets */; };
		9E1B08F62BD9E06D007AAB48 /* MainViewController.swift in Sources */ = {isa = PBXBuildFile; fileRef = 9E1B08F52BD9E06D007AAB48 /* MainViewController.swift */; };
		9E1B08F82BD9E1BE007AAB48 /* UISegmentedControl++.swift in Sources */ = {isa = PBXBuildFile; fileRef = 9E1B08F72BD9E1BE007AAB48 /* UISegmentedControl++.swift */; };
		9E1B08FB2BDA2682007AAB48 /* LookinServer in Frameworks */ = {isa = PBXBuildFile; productRef = 9E1B08FA2BDA2682007AAB48 /* LookinServer */; };
		9E1B096D2BE11A0E007AAB48 /* HomeContentCell.swift in Sources */ = {isa = PBXBuildFile; fileRef = 9E1B096C2BE11A0E007AAB48 /* HomeContentCell.swift */; };
		9E1B096F2BE11A40007AAB48 /* HomePosterCell.swift in Sources */ = {isa = PBXBuildFile; fileRef = 9E1B096E2BE11A40007AAB48 /* HomePosterCell.swift */; };
		9E1B09712BE11ACE007AAB48 /* HomeHeaderView.swift in Sources */ = {isa = PBXBuildFile; fileRef = 9E1B09702BE11ACE007AAB48 /* HomeHeaderView.swift */; };
		9E1B09792BE11C9C007AAB48 /* MockupDataModel.swift in Sources */ = {isa = PBXBuildFile; fileRef = 9E1B09782BE11C9C007AAB48 /* MockupDataModel.swift */; };
		9E1B097B2BE11CBE007AAB48 /* PosterModel.swift in Sources */ = {isa = PBXBuildFile; fileRef = 9E1B097A2BE11CBE007AAB48 /* PosterModel.swift */; };
		9E60904D2BC770C100D018B2 /* AppDelegate.swift in Sources */ = {isa = PBXBuildFile; fileRef = 9E60904C2BC770C100D018B2 /* AppDelegate.swift */; };
		9E60904F2BC770C100D018B2 /* SceneDelegate.swift in Sources */ = {isa = PBXBuildFile; fileRef = 9E60904E2BC770C100D018B2 /* SceneDelegate.swift */; };
		9E6090562BC770C300D018B2 /* Assets.xcassets in Resources */ = {isa = PBXBuildFile; fileRef = 9E6090552BC770C300D018B2 /* Assets.xcassets */; };
		9E6090642BC770C300D018B2 /* _4th_SOPT_Seminar_AssignmentTests.swift in Sources */ = {isa = PBXBuildFile; fileRef = 9E6090632BC770C300D018B2 /* _4th_SOPT_Seminar_AssignmentTests.swift */; };
		9E60906E2BC770C300D018B2 /* _4th_SOPT_Seminar_AssignmentUITests.swift in Sources */ = {isa = PBXBuildFile; fileRef = 9E60906D2BC770C300D018B2 /* _4th_SOPT_Seminar_AssignmentUITests.swift */; };
		9E6090702BC770C300D018B2 /* _4th_SOPT_Seminar_AssignmentUITestsLaunchTests.swift in Sources */ = {isa = PBXBuildFile; fileRef = 9E60906F2BC770C300D018B2 /* _4th_SOPT_Seminar_AssignmentUITestsLaunchTests.swift */; };
		9E6451E32C1238FA0026C29D /* RxCocoa in Frameworks */ = {isa = PBXBuildFile; productRef = 9E6451E22C1238FA0026C29D /* RxCocoa */; };
		9E6451E52C1238FA0026C29D /* RxRelay in Frameworks */ = {isa = PBXBuildFile; productRef = 9E6451E42C1238FA0026C29D /* RxRelay */; };
		9E6451E72C1238FA0026C29D /* RxSwift in Frameworks */ = {isa = PBXBuildFile; productRef = 9E6451E62C1238FA0026C29D /* RxSwift */; };
		9E659FE12BEDD389004B9297 /* Moya in Frameworks */ = {isa = PBXBuildFile; productRef = 9E659FE02BEDD389004B9297 /* Moya */; };
		9E659FE42BEDD4F4004B9297 /* Config.swift in Sources */ = {isa = PBXBuildFile; fileRef = 9E659FE32BEDD4F4004B9297 /* Config.swift */; };
		9E659FE62BEDD509004B9297 /* NetworkResult.swift in Sources */ = {isa = PBXBuildFile; fileRef = 9E659FE52BEDD509004B9297 /* NetworkResult.swift */; };
		9E659FE82BEDD517004B9297 /* MoyaLoggingPlugin.swift in Sources */ = {isa = PBXBuildFile; fileRef = 9E659FE72BEDD517004B9297 /* MoyaLoggingPlugin.swift */; };
		9E659FEA2BEDD557004B9297 /* BoxOfficeReponseModel.swift in Sources */ = {isa = PBXBuildFile; fileRef = 9E659FE92BEDD557004B9297 /* BoxOfficeReponseModel.swift */; };
		9E659FEE2BEDD8BD004B9297 /* BoxOffieTargetType.swift in Sources */ = {isa = PBXBuildFile; fileRef = 9E659FED2BEDD8BD004B9297 /* BoxOffieTargetType.swift */; };
		9E659FF02BEDD923004B9297 /* APIService.swift in Sources */ = {isa = PBXBuildFile; fileRef = 9E659FEF2BEDD923004B9297 /* APIService.swift */; };
/* End PBXBuildFile section */

/* Begin PBXContainerItemProxy section */
		9E6090602BC770C300D018B2 /* PBXContainerItemProxy */ = {
			isa = PBXContainerItemProxy;
			containerPortal = 9E6090412BC770C100D018B2 /* Project object */;
			proxyType = 1;
			remoteGlobalIDString = 9E6090482BC770C100D018B2;
			remoteInfo = "34th-SOPT-Seminar-Assignment";
		};
		9E60906A2BC770C300D018B2 /* PBXContainerItemProxy */ = {
			isa = PBXContainerItemProxy;
			containerPortal = 9E6090412BC770C100D018B2 /* Project object */;
			proxyType = 1;
			remoteGlobalIDString = 9E6090482BC770C100D018B2;
			remoteInfo = "34th-SOPT-Seminar-Assignment";
		};
/* End PBXContainerItemProxy section */

/* Begin PBXFileReference section */
		9E1B089C2BD20629007AAB48 /* BaseView.swift */ = {isa = PBXFileReference; fileEncoding = 4; lastKnownFileType = sourcecode.swift; path = BaseView.swift; sourceTree = "<group>"; };
		9E1B089E2BD20632007AAB48 /* BaseViewController.swift */ = {isa = PBXFileReference; fileEncoding = 4; lastKnownFileType = sourcecode.swift; path = BaseViewController.swift; sourceTree = "<group>"; };
		9E1B08A02BD206F1007AAB48 /* Font.swift */ = {isa = PBXFileReference; fileEncoding = 4; lastKnownFileType = sourcecode.swift; path = Font.swift; sourceTree = "<group>"; };
		9E1B08A12BD206F1007AAB48 /* Pretendard-Black.otf */ = {isa = PBXFileReference; lastKnownFileType = file; path = "Pretendard-Black.otf"; sourceTree = "<group>"; };
		9E1B08A22BD206F1007AAB48 /* Pretendard-Bold.otf */ = {isa = PBXFileReference; lastKnownFileType = file; path = "Pretendard-Bold.otf"; sourceTree = "<group>"; };
		9E1B08A32BD206F1007AAB48 /* Pretendard-ExtraBold.otf */ = {isa = PBXFileReference; lastKnownFileType = file; path = "Pretendard-ExtraBold.otf"; sourceTree = "<group>"; };
		9E1B08A42BD206F1007AAB48 /* Pretendard-ExtraLight.otf */ = {isa = PBXFileReference; lastKnownFileType = file; path = "Pretendard-ExtraLight.otf"; sourceTree = "<group>"; };
		9E1B08A52BD206F1007AAB48 /* Pretendard-Light.otf */ = {isa = PBXFileReference; lastKnownFileType = file; path = "Pretendard-Light.otf"; sourceTree = "<group>"; };
		9E1B08A62BD206F1007AAB48 /* Pretendard-Medium.otf */ = {isa = PBXFileReference; lastKnownFileType = file; path = "Pretendard-Medium.otf"; sourceTree = "<group>"; };
		9E1B08A72BD206F1007AAB48 /* Pretendard-Regular.otf */ = {isa = PBXFileReference; lastKnownFileType = file; path = "Pretendard-Regular.otf"; sourceTree = "<group>"; };
		9E1B08A82BD206F1007AAB48 /* Pretendard-SemiBold.otf */ = {isa = PBXFileReference; lastKnownFileType = file; path = "Pretendard-SemiBold.otf"; sourceTree = "<group>"; };
		9E1B08A92BD206F1007AAB48 /* Pretendard-Thin.otf */ = {isa = PBXFileReference; lastKnownFileType = file; path = "Pretendard-Thin.otf"; sourceTree = "<group>"; };
		9E1B08BB2BD20A02007AAB48 /* UIColor++.swift */ = {isa = PBXFileReference; lastKnownFileType = sourcecode.swift; path = "UIColor++.swift"; sourceTree = "<group>"; };
		9E1B08BE2BD20D59007AAB48 /* LoginView.swift */ = {isa = PBXFileReference; lastKnownFileType = sourcecode.swift; path = LoginView.swift; sourceTree = "<group>"; };
		9E1B08C02BD20D63007AAB48 /* LoginViewController.swift */ = {isa = PBXFileReference; lastKnownFileType = sourcecode.swift; path = LoginViewController.swift; sourceTree = "<group>"; };
		9E1B08C42BD21505007AAB48 /* UIView++.swift */ = {isa = PBXFileReference; lastKnownFileType = sourcecode.swift; path = "UIView++.swift"; sourceTree = "<group>"; };
		9E1B08C62BD2253B007AAB48 /* UITextField++.swift */ = {isa = PBXFileReference; fileEncoding = 4; lastKnownFileType = sourcecode.swift; path = "UITextField++.swift"; sourceTree = "<group>"; };
		9E1B08C92BD2407F007AAB48 /* StringLiterals.swift */ = {isa = PBXFileReference; lastKnownFileType = sourcecode.swift; path = StringLiterals.swift; sourceTree = "<group>"; };
		9E1B08CB2BD247DE007AAB48 /* UIButton++.swift */ = {isa = PBXFileReference; lastKnownFileType = sourcecode.swift; path = "UIButton++.swift"; sourceTree = "<group>"; };
		9E1B08CD2BD294AE007AAB48 /* UIStackView++.swift */ = {isa = PBXFileReference; lastKnownFileType = sourcecode.swift; path = "UIStackView++.swift"; sourceTree = "<group>"; };
		9E1B08D02BD295C0007AAB48 /* WelcomeView.swift */ = {isa = PBXFileReference; lastKnownFileType = sourcecode.swift; path = WelcomeView.swift; sourceTree = "<group>"; };
		9E1B08D22BD295E1007AAB48 /* WelcomeViewController.swift */ = {isa = PBXFileReference; lastKnownFileType = sourcecode.swift; path = WelcomeViewController.swift; sourceTree = "<group>"; };
		9E1B08EC2BD96B64007AAB48 /* Image.xcassets */ = {isa = PBXFileReference; lastKnownFileType = folder.assetcatalog; path = Image.xcassets; sourceTree = "<group>"; };
		9E1B08F52BD9E06D007AAB48 /* MainViewController.swift */ = {isa = PBXFileReference; lastKnownFileType = sourcecode.swift; path = MainViewController.swift; sourceTree = "<group>"; };
		9E1B08F72BD9E1BE007AAB48 /* UISegmentedControl++.swift */ = {isa = PBXFileReference; lastKnownFileType = sourcecode.swift; path = "UISegmentedControl++.swift"; sourceTree = "<group>"; };
		9E1B096C2BE11A0E007AAB48 /* HomeContentCell.swift */ = {isa = PBXFileReference; lastKnownFileType = sourcecode.swift; path = HomeContentCell.swift; sourceTree = "<group>"; };
		9E1B096E2BE11A40007AAB48 /* HomePosterCell.swift */ = {isa = PBXFileReference; lastKnownFileType = sourcecode.swift; path = HomePosterCell.swift; sourceTree = "<group>"; };
		9E1B09702BE11ACE007AAB48 /* HomeHeaderView.swift */ = {isa = PBXFileReference; lastKnownFileType = sourcecode.swift; path = HomeHeaderView.swift; sourceTree = "<group>"; };
		9E1B09782BE11C9C007AAB48 /* MockupDataModel.swift */ = {isa = PBXFileReference; lastKnownFileType = sourcecode.swift; path = MockupDataModel.swift; sourceTree = "<group>"; };
		9E1B097A2BE11CBE007AAB48 /* PosterModel.swift */ = {isa = PBXFileReference; lastKnownFileType = sourcecode.swift; path = PosterModel.swift; sourceTree = "<group>"; };
		9E6090492BC770C100D018B2 /* 34th-SOPT-Seminar-Assignment.app */ = {isa = PBXFileReference; explicitFileType = wrapper.application; includeInIndex = 0; path = "34th-SOPT-Seminar-Assignment.app"; sourceTree = BUILT_PRODUCTS_DIR; };
		9E60904C2BC770C100D018B2 /* AppDelegate.swift */ = {isa = PBXFileReference; lastKnownFileType = sourcecode.swift; path = AppDelegate.swift; sourceTree = "<group>"; };
		9E60904E2BC770C100D018B2 /* SceneDelegate.swift */ = {isa = PBXFileReference; lastKnownFileType = sourcecode.swift; path = SceneDelegate.swift; sourceTree = "<group>"; };
		9E6090552BC770C300D018B2 /* Assets.xcassets */ = {isa = PBXFileReference; lastKnownFileType = folder.assetcatalog; path = Assets.xcassets; sourceTree = "<group>"; };
		9E60905A2BC770C300D018B2 /* Info.plist */ = {isa = PBXFileReference; lastKnownFileType = text.plist.xml; path = Info.plist; sourceTree = "<group>"; };
		9E60905F2BC770C300D018B2 /* 34th-SOPT-Seminar-AssignmentTests.xctest */ = {isa = PBXFileReference; explicitFileType = wrapper.cfbundle; includeInIndex = 0; path = "34th-SOPT-Seminar-AssignmentTests.xctest"; sourceTree = BUILT_PRODUCTS_DIR; };
		9E6090632BC770C300D018B2 /* _4th_SOPT_Seminar_AssignmentTests.swift */ = {isa = PBXFileReference; lastKnownFileType = sourcecode.swift; path = _4th_SOPT_Seminar_AssignmentTests.swift; sourceTree = "<group>"; };
		9E6090692BC770C300D018B2 /* 34th-SOPT-Seminar-AssignmentUITests.xctest */ = {isa = PBXFileReference; explicitFileType = wrapper.cfbundle; includeInIndex = 0; path = "34th-SOPT-Seminar-AssignmentUITests.xctest"; sourceTree = BUILT_PRODUCTS_DIR; };
		9E60906D2BC770C300D018B2 /* _4th_SOPT_Seminar_AssignmentUITests.swift */ = {isa = PBXFileReference; lastKnownFileType = sourcecode.swift; path = _4th_SOPT_Seminar_AssignmentUITests.swift; sourceTree = "<group>"; };
		9E60906F2BC770C300D018B2 /* _4th_SOPT_Seminar_AssignmentUITestsLaunchTests.swift */ = {isa = PBXFileReference; lastKnownFileType = sourcecode.swift; path = _4th_SOPT_Seminar_AssignmentUITestsLaunchTests.swift; sourceTree = "<group>"; };
		9E659FE32BEDD4F4004B9297 /* Config.swift */ = {isa = PBXFileReference; lastKnownFileType = sourcecode.swift; path = Config.swift; sourceTree = "<group>"; };
		9E659FE52BEDD509004B9297 /* NetworkResult.swift */ = {isa = PBXFileReference; lastKnownFileType = sourcecode.swift; path = NetworkResult.swift; sourceTree = "<group>"; };
		9E659FE72BEDD517004B9297 /* MoyaLoggingPlugin.swift */ = {isa = PBXFileReference; lastKnownFileType = sourcecode.swift; path = MoyaLoggingPlugin.swift; sourceTree = "<group>"; };
		9E659FE92BEDD557004B9297 /* BoxOfficeReponseModel.swift */ = {isa = PBXFileReference; lastKnownFileType = sourcecode.swift; path = BoxOfficeReponseModel.swift; sourceTree = "<group>"; };
		9E659FED2BEDD8BD004B9297 /* BoxOffieTargetType.swift */ = {isa = PBXFileReference; lastKnownFileType = sourcecode.swift; path = BoxOffieTargetType.swift; sourceTree = "<group>"; };
		9E659FEF2BEDD923004B9297 /* APIService.swift */ = {isa = PBXFileReference; lastKnownFileType = sourcecode.swift; path = APIService.swift; sourceTree = "<group>"; };
/* End PBXFileReference section */

/* Begin PBXFrameworksBuildPhase section */
		9E6090462BC770C100D018B2 /* Frameworks */ = {
			isa = PBXFrameworksBuildPhase;
			buildActionMask = 2147483647;
			files = (
				9E6451E52C1238FA0026C29D /* RxRelay in Frameworks */,
				9E1B08952BD2047E007AAB48 /* SnapKit in Frameworks */,
				9E1B08FB2BDA2682007AAB48 /* LookinServer in Frameworks */,
				9E6451E32C1238FA0026C29D /* RxCocoa in Frameworks */,
				9E659FE12BEDD389004B9297 /* Moya in Frameworks */,
				9E1B08982BD20489007AAB48 /* Then in Frameworks */,
				9E6451E72C1238FA0026C29D /* RxSwift in Frameworks */,
			);
			runOnlyForDeploymentPostprocessing = 0;
		};
		9E60905C2BC770C300D018B2 /* Frameworks */ = {
			isa = PBXFrameworksBuildPhase;
			buildActionMask = 2147483647;
			files = (
			);
			runOnlyForDeploymentPostprocessing = 0;
		};
		9E6090662BC770C300D018B2 /* Frameworks */ = {
			isa = PBXFrameworksBuildPhase;
			buildActionMask = 2147483647;
			files = (
			);
			runOnlyForDeploymentPostprocessing = 0;
		};
/* End PBXFrameworksBuildPhase section */

/* Begin PBXGroup section */
		9E1B08992BD205F8007AAB48 /* Base */ = {
			isa = PBXGroup;
			children = (
				9E1B089A2BD20604007AAB48 /* View */,
				9E1B089B2BD2060A007AAB48 /* ViewController */,
			);
			path = Base;
			sourceTree = "<group>";
		};
		9E1B089A2BD20604007AAB48 /* View */ = {
			isa = PBXGroup;
			children = (
				9E1B089C2BD20629007AAB48 /* BaseView.swift */,
			);
			path = View;
			sourceTree = "<group>";
		};
		9E1B089B2BD2060A007AAB48 /* ViewController */ = {
			isa = PBXGroup;
			children = (
				9E1B089E2BD20632007AAB48 /* BaseViewController.swift */,
			);
			path = ViewController;
			sourceTree = "<group>";
		};
		9E1B08AB2BD206F1007AAB48 /* Fonts */ = {
			isa = PBXGroup;
			children = (
				9E1B08A02BD206F1007AAB48 /* Font.swift */,
				9E1B08A12BD206F1007AAB48 /* Pretendard-Black.otf */,
				9E1B08A22BD206F1007AAB48 /* Pretendard-Bold.otf */,
				9E1B08A32BD206F1007AAB48 /* Pretendard-ExtraBold.otf */,
				9E1B08A42BD206F1007AAB48 /* Pretendard-ExtraLight.otf */,
				9E1B08A52BD206F1007AAB48 /* Pretendard-Light.otf */,
				9E1B08A62BD206F1007AAB48 /* Pretendard-Medium.otf */,
				9E1B08A72BD206F1007AAB48 /* Pretendard-Regular.otf */,
				9E1B08A82BD206F1007AAB48 /* Pretendard-SemiBold.otf */,
				9E1B08A92BD206F1007AAB48 /* Pretendard-Thin.otf */,
			);
			path = Fonts;
			sourceTree = "<group>";
		};
		9E1B08B72BD208BD007AAB48 /* Presentations */ = {
			isa = PBXGroup;
			children = (
				9E1B08BD2BD20D47007AAB48 /* Login */,
				9E1B08CF2BD295A4007AAB48 /* Welcome */,
				9E1B09442BE0F314007AAB48 /* Home */,
				9E1B08F02BD974E4007AAB48 /* Main */,
			);
			path = Presentations;
			sourceTree = "<group>";
		};
		9E1B08B82BD208D8007AAB48 /* Resources */ = {
			isa = PBXGroup;
			children = (
				9E1B08C82BD2403B007AAB48 /* StringLiterals */,
				9E1B08BA2BD208E7007AAB48 /* AssetsCatalog */,
				9E1B08AB2BD206F1007AAB48 /* Fonts */,
			);
			path = Resources;
			sourceTree = "<group>";
		};
		9E1B08BA2BD208E7007AAB48 /* AssetsCatalog */ = {
			isa = PBXGroup;
			children = (
				9E6090552BC770C300D018B2 /* Assets.xcassets */,
				9E1B08EC2BD96B64007AAB48 /* Image.xcassets */,
			);
			path = AssetsCatalog;
			sourceTree = "<group>";
		};
		9E1B08BD2BD20D47007AAB48 /* Login */ = {
			isa = PBXGroup;
			children = (
				9E1B08BE2BD20D59007AAB48 /* LoginView.swift */,
				9E1B08C02BD20D63007AAB48 /* LoginViewController.swift */,
			);
			path = Login;
			sourceTree = "<group>";
		};
		9E1B08C22BD214E1007AAB48 /* Utils */ = {
			isa = PBXGroup;
			children = (
				9E1B08992BD205F8007AAB48 /* Base */,
				9E1B08C32BD214EC007AAB48 /* Extension */,
			);
			path = Utils;
			sourceTree = "<group>";
		};
		9E1B08C32BD214EC007AAB48 /* Extension */ = {
			isa = PBXGroup;
			children = (
				9E1B08BB2BD20A02007AAB48 /* UIColor++.swift */,
				9E1B08C62BD2253B007AAB48 /* UITextField++.swift */,
				9E1B08C42BD21505007AAB48 /* UIView++.swift */,
				9E1B08CB2BD247DE007AAB48 /* UIButton++.swift */,
				9E1B08CD2BD294AE007AAB48 /* UIStackView++.swift */,
				9E1B08F72BD9E1BE007AAB48 /* UISegmentedControl++.swift */,
			);
			path = Extension;
			sourceTree = "<group>";
		};
		9E1B08C82BD2403B007AAB48 /* StringLiterals */ = {
			isa = PBXGroup;
			children = (
				9E1B08C92BD2407F007AAB48 /* StringLiterals.swift */,
			);
			path = StringLiterals;
			sourceTree = "<group>";
		};
		9E1B08CF2BD295A4007AAB48 /* Welcome */ = {
			isa = PBXGroup;
			children = (
				9E1B08D02BD295C0007AAB48 /* WelcomeView.swift */,
				9E1B08D22BD295E1007AAB48 /* WelcomeViewController.swift */,
			);
			path = Welcome;
			sourceTree = "<group>";
		};
		9E1B08EB2BD969E1007AAB48 /* App */ = {
			isa = PBXGroup;
			children = (
				9E60904C2BC770C100D018B2 /* AppDelegate.swift */,
				9E60904E2BC770C100D018B2 /* SceneDelegate.swift */,
			);
			path = App;
			sourceTree = "<group>";
		};
		9E1B08EE2BD96D4C007AAB48 /* Supports */ = {
			isa = PBXGroup;
			children = (
				9E60905A2BC770C300D018B2 /* Info.plist */,
			);
			path = Supports;
			sourceTree = "<group>";
		};
		9E1B08F02BD974E4007AAB48 /* Main */ = {
			isa = PBXGroup;
			children = (
				9E1B08F22BD97981007AAB48 /* View */,
				9E1B08F12BD97976007AAB48 /* ViewController */,
			);
			path = Main;
			sourceTree = "<group>";
		};
		9E1B08F12BD97976007AAB48 /* ViewController */ = {
			isa = PBXGroup;
			children = (
				9E1B08F52BD9E06D007AAB48 /* MainViewController.swift */,
			);
			path = ViewController;
			sourceTree = "<group>";
		};
		9E1B08F22BD97981007AAB48 /* View */ = {
			isa = PBXGroup;
			children = (
			);
			path = View;
			sourceTree = "<group>";
		};
		9E1B09442BE0F314007AAB48 /* Home */ = {
			isa = PBXGroup;
			children = (
				9E1B097C2BE12D1D007AAB48 /* Model */,
				9E1B09452BE0F319007AAB48 /* View */,
				9E1B09462BE0F31E007AAB48 /* ViewController */,
			);
			path = Home;
			sourceTree = "<group>";
		};
		9E1B09452BE0F319007AAB48 /* View */ = {
			isa = PBXGroup;
			children = (
				9E1B09702BE11ACE007AAB48 /* HomeHeaderView.swift */,
				9E1B096E2BE11A40007AAB48 /* HomePosterCell.swift */,
				9E1B096C2BE11A0E007AAB48 /* HomeContentCell.swift */,
			);
			path = View;
			sourceTree = "<group>";
		};
		9E1B09462BE0F31E007AAB48 /* ViewController */ = {
			isa = PBXGroup;
			children = (
			);
			path = ViewController;
			sourceTree = "<group>";
		};
		9E1B097C2BE12D1D007AAB48 /* Model */ = {
			isa = PBXGroup;
			children = (
				9E1B097A2BE11CBE007AAB48 /* PosterModel.swift */,
				9E1B09782BE11C9C007AAB48 /* MockupDataModel.swift */,
			);
			path = Model;
			sourceTree = "<group>";
		};
		9E6090402BC770C100D018B2 = {
			isa = PBXGroup;
			children = (
				9E60904B2BC770C100D018B2 /* 34th-SOPT-Seminar-Assignment */,
				9E6090622BC770C300D018B2 /* 34th-SOPT-Seminar-AssignmentTests */,
				9E60906C2BC770C300D018B2 /* 34th-SOPT-Seminar-AssignmentUITests */,
				9E60904A2BC770C100D018B2 /* Products */,
			);
			sourceTree = "<group>";
		};
		9E60904A2BC770C100D018B2 /* Products */ = {
			isa = PBXGroup;
			children = (
				9E6090492BC770C100D018B2 /* 34th-SOPT-Seminar-Assignment.app */,
				9E60905F2BC770C300D018B2 /* 34th-SOPT-Seminar-AssignmentTests.xctest */,
				9E6090692BC770C300D018B2 /* 34th-SOPT-Seminar-AssignmentUITests.xctest */,
			);
			name = Products;
			sourceTree = "<group>";
		};
		9E60904B2BC770C100D018B2 /* 34th-SOPT-Seminar-Assignment */ = {
			isa = PBXGroup;
			children = (
				9E1B08EB2BD969E1007AAB48 /* App */,
				9E1B08EE2BD96D4C007AAB48 /* Supports */,
				9E659FE22BEDD4E5004B9297 /* Network */,
				9E1B08B72BD208BD007AAB48 /* Presentations */,
				9E1B08B82BD208D8007AAB48 /* Resources */,
				9E1B08C22BD214E1007AAB48 /* Utils */,
			);
			path = "34th-SOPT-Seminar-Assignment";
			sourceTree = "<group>";
		};
		9E6090622BC770C300D018B2 /* 34th-SOPT-Seminar-AssignmentTests */ = {
			isa = PBXGroup;
			children = (
				9E6090632BC770C300D018B2 /* _4th_SOPT_Seminar_AssignmentTests.swift */,
			);
			path = "34th-SOPT-Seminar-AssignmentTests";
			sourceTree = "<group>";
		};
		9E60906C2BC770C300D018B2 /* 34th-SOPT-Seminar-AssignmentUITests */ = {
			isa = PBXGroup;
			children = (
				9E60906D2BC770C300D018B2 /* _4th_SOPT_Seminar_AssignmentUITests.swift */,
				9E60906F2BC770C300D018B2 /* _4th_SOPT_Seminar_AssignmentUITestsLaunchTests.swift */,
			);
			path = "34th-SOPT-Seminar-AssignmentUITests";
			sourceTree = "<group>";
		};
		9E659FE22BEDD4E5004B9297 /* Network */ = {
			isa = PBXGroup;
			children = (
				9E659FE32BEDD4F4004B9297 /* Config.swift */,
				9E659FE52BEDD509004B9297 /* NetworkResult.swift */,
				9E659FE72BEDD517004B9297 /* MoyaLoggingPlugin.swift */,
				9E659FE92BEDD557004B9297 /* BoxOfficeReponseModel.swift */,
				9E659FED2BEDD8BD004B9297 /* BoxOffieTargetType.swift */,
				9E659FEF2BEDD923004B9297 /* APIService.swift */,
			);
			path = Network;
			sourceTree = "<group>";
		};
/* End PBXGroup section */

/* Begin PBXNativeTarget section */
		9E6090482BC770C100D018B2 /* 34th-SOPT-Seminar-Assignment */ = {
			isa = PBXNativeTarget;
			buildConfigurationList = 9E6090732BC770C300D018B2 /* Build configuration list for PBXNativeTarget "34th-SOPT-Seminar-Assignment" */;
			buildPhases = (
				9E6090452BC770C100D018B2 /* Sources */,
				9E6090462BC770C100D018B2 /* Frameworks */,
				9E6090472BC770C100D018B2 /* Resources */,
			);
			buildRules = (
			);
			dependencies = (
			);
			name = "34th-SOPT-Seminar-Assignment";
			packageProductDependencies = (
				9E1B08942BD2047E007AAB48 /* SnapKit */,
				9E1B08972BD20489007AAB48 /* Then */,
				9E1B08FA2BDA2682007AAB48 /* LookinServer */,
				9E659FE02BEDD389004B9297 /* Moya */,
				9E6451E22C1238FA0026C29D /* RxCocoa */,
				9E6451E42C1238FA0026C29D /* RxRelay */,
				9E6451E62C1238FA0026C29D /* RxSwift */,
			);
			productName = "34th-SOPT-Seminar-Assignment";
			productReference = 9E6090492BC770C100D018B2 /* 34th-SOPT-Seminar-Assignment.app */;
			productType = "com.apple.product-type.application";
		};
		9E60905E2BC770C300D018B2 /* 34th-SOPT-Seminar-AssignmentTests */ = {
			isa = PBXNativeTarget;
			buildConfigurationList = 9E6090762BC770C300D018B2 /* Build configuration list for PBXNativeTarget "34th-SOPT-Seminar-AssignmentTests" */;
			buildPhases = (
				9E60905B2BC770C300D018B2 /* Sources */,
				9E60905C2BC770C300D018B2 /* Frameworks */,
				9E60905D2BC770C300D018B2 /* Resources */,
			);
			buildRules = (
			);
			dependencies = (
				9E6090612BC770C300D018B2 /* PBXTargetDependency */,
			);
			name = "34th-SOPT-Seminar-AssignmentTests";
			productName = "34th-SOPT-Seminar-AssignmentTests";
			productReference = 9E60905F2BC770C300D018B2 /* 34th-SOPT-Seminar-AssignmentTests.xctest */;
			productType = "com.apple.product-type.bundle.unit-test";
		};
		9E6090682BC770C300D018B2 /* 34th-SOPT-Seminar-AssignmentUITests */ = {
			isa = PBXNativeTarget;
			buildConfigurationList = 9E6090792BC770C300D018B2 /* Build configuration list for PBXNativeTarget "34th-SOPT-Seminar-AssignmentUITests" */;
			buildPhases = (
				9E6090652BC770C300D018B2 /* Sources */,
				9E6090662BC770C300D018B2 /* Frameworks */,
				9E6090672BC770C300D018B2 /* Resources */,
			);
			buildRules = (
			);
			dependencies = (
				9E60906B2BC770C300D018B2 /* PBXTargetDependency */,
			);
			name = "34th-SOPT-Seminar-AssignmentUITests";
			productName = "34th-SOPT-Seminar-AssignmentUITests";
			productReference = 9E6090692BC770C300D018B2 /* 34th-SOPT-Seminar-AssignmentUITests.xctest */;
			productType = "com.apple.product-type.bundle.ui-testing";
		};
/* End PBXNativeTarget section */

/* Begin PBXProject section */
		9E6090412BC770C100D018B2 /* Project object */ = {
			isa = PBXProject;
			attributes = {
				BuildIndependentTargetsInParallel = 1;
				LastSwiftUpdateCheck = 1530;
				LastUpgradeCheck = 1530;
				TargetAttributes = {
					9E6090482BC770C100D018B2 = {
						CreatedOnToolsVersion = 15.3;
					};
					9E60905E2BC770C300D018B2 = {
						CreatedOnToolsVersion = 15.3;
						TestTargetID = 9E6090482BC770C100D018B2;
					};
					9E6090682BC770C300D018B2 = {
						CreatedOnToolsVersion = 15.3;
						TestTargetID = 9E6090482BC770C100D018B2;
					};
				};
			};
			buildConfigurationList = 9E6090442BC770C100D018B2 /* Build configuration list for PBXProject "34th-SOPT-Seminar-Assignment" */;
			compatibilityVersion = "Xcode 14.0";
			developmentRegion = en;
			hasScannedForEncodings = 0;
			knownRegions = (
				en,
				Base,
			);
			mainGroup = 9E6090402BC770C100D018B2;
			packageReferences = (
				9E1B08932BD2047E007AAB48 /* XCRemoteSwiftPackageReference "SnapKit" */,
				9E1B08962BD20489007AAB48 /* XCRemoteSwiftPackageReference "Then" */,
				9E1B08F92BDA2682007AAB48 /* XCRemoteSwiftPackageReference "LookinServer" */,
				9E659FDF2BEDD389004B9297 /* XCRemoteSwiftPackageReference "Moya" */,
				9E6451E12C1238FA0026C29D /* XCRemoteSwiftPackageReference "RxSwift" */,
			);
			productRefGroup = 9E60904A2BC770C100D018B2 /* Products */;
			projectDirPath = "";
			projectRoot = "";
			targets = (
				9E6090482BC770C100D018B2 /* 34th-SOPT-Seminar-Assignment */,
				9E60905E2BC770C300D018B2 /* 34th-SOPT-Seminar-AssignmentTests */,
				9E6090682BC770C300D018B2 /* 34th-SOPT-Seminar-AssignmentUITests */,
			);
		};
/* End PBXProject section */

/* Begin PBXResourcesBuildPhase section */
		9E6090472BC770C100D018B2 /* Resources */ = {
			isa = PBXResourcesBuildPhase;
			buildActionMask = 2147483647;
			files = (
				9E1B08B02BD206F1007AAB48 /* Pretendard-ExtraLight.otf in Resources */,
				9E6090562BC770C300D018B2 /* Assets.xcassets in Resources */,
				9E1B08AE2BD206F1007AAB48 /* Pretendard-Bold.otf in Resources */,
				9E1B08B22BD206F1007AAB48 /* Pretendard-Medium.otf in Resources */,
				9E1B08B32BD206F1007AAB48 /* Pretendard-Regular.otf in Resources */,
				9E1B08AF2BD206F1007AAB48 /* Pretendard-ExtraBold.otf in Resources */,
				9E1B08B12BD206F1007AAB48 /* Pretendard-Light.otf in Resources */,
				9E1B08B42BD206F1007AAB48 /* Pretendard-SemiBold.otf in Resources */,
				9E1B08ED2BD96B64007AAB48 /* Image.xcassets in Resources */,
				9E1B08AD2BD206F1007AAB48 /* Pretendard-Black.otf in Resources */,
				9E1B08B52BD206F1007AAB48 /* Pretendard-Thin.otf in Resources */,
			);
			runOnlyForDeploymentPostprocessing = 0;
		};
		9E60905D2BC770C300D018B2 /* Resources */ = {
			isa = PBXResourcesBuildPhase;
			buildActionMask = 2147483647;
			files = (
			);
			runOnlyForDeploymentPostprocessing = 0;
		};
		9E6090672BC770C300D018B2 /* Resources */ = {
			isa = PBXResourcesBuildPhase;
			buildActionMask = 2147483647;
			files = (
			);
			runOnlyForDeploymentPostprocessing = 0;
		};
/* End PBXResourcesBuildPhase section */

/* Begin PBXSourcesBuildPhase section */
		9E6090452BC770C100D018B2 /* Sources */ = {
			isa = PBXSourcesBuildPhase;
			buildActionMask = 2147483647;
			files = (
				9E1B08C12BD20D63007AAB48 /* LoginViewController.swift in Sources */,
				9E1B08D32BD295E1007AAB48 /* WelcomeViewController.swift in Sources */,
				9E1B089F2BD20632007AAB48 /* BaseViewController.swift in Sources */,
				9E1B08C52BD21505007AAB48 /* UIView++.swift in Sources */,
				9E1B08AC2BD206F1007AAB48 /* Font.swift in Sources */,
				9E1B08BC2BD20A02007AAB48 /* UIColor++.swift in Sources */,
				9E1B08CA2BD2407F007AAB48 /* StringLiterals.swift in Sources */,
				9E1B096F2BE11A40007AAB48 /* HomePosterCell.swift in Sources */,
				9E1B097B2BE11CBE007AAB48 /* PosterModel.swift in Sources */,
				9E1B08F62BD9E06D007AAB48 /* MainViewController.swift in Sources */,
				9E659FEA2BEDD557004B9297 /* BoxOfficeReponseModel.swift in Sources */,
				9E60904D2BC770C100D018B2 /* AppDelegate.swift in Sources */,
				9E1B08CC2BD247DE007AAB48 /* UIButton++.swift in Sources */,
				9E1B08CE2BD294AE007AAB48 /* UIStackView++.swift in Sources */,
				9E1B09712BE11ACE007AAB48 /* HomeHeaderView.swift in Sources */,
				9E1B08D12BD295C0007AAB48 /* WelcomeView.swift in Sources */,
				9E659FF02BEDD923004B9297 /* APIService.swift in Sources */,
				9E659FE62BEDD509004B9297 /* NetworkResult.swift in Sources */,
				9E1B096D2BE11A0E007AAB48 /* HomeContentCell.swift in Sources */,
				9E659FEE2BEDD8BD004B9297 /* BoxOffieTargetType.swift in Sources */,
				9E60904F2BC770C100D018B2 /* SceneDelegate.swift in Sources */,
				9E1B08F82BD9E1BE007AAB48 /* UISegmentedControl++.swift in Sources */,
				9E659FE42BEDD4F4004B9297 /* Config.swift in Sources */,
				9E659FE82BEDD517004B9297 /* MoyaLoggingPlugin.swift in Sources */,
				9E1B08C72BD2253B007AAB48 /* UITextField++.swift in Sources */,
				9E1B08BF2BD20D59007AAB48 /* LoginView.swift in Sources */,
				9E1B09792BE11C9C007AAB48 /* MockupDataModel.swift in Sources */,
				9E1B089D2BD20629007AAB48 /* BaseView.swift in Sources */,
			);
			runOnlyForDeploymentPostprocessing = 0;
		};
		9E60905B2BC770C300D018B2 /* Sources */ = {
			isa = PBXSourcesBuildPhase;
			buildActionMask = 2147483647;
			files = (
				9E6090642BC770C300D018B2 /* _4th_SOPT_Seminar_AssignmentTests.swift in Sources */,
			);
			runOnlyForDeploymentPostprocessing = 0;
		};
		9E6090652BC770C300D018B2 /* Sources */ = {
			isa = PBXSourcesBuildPhase;
			buildActionMask = 2147483647;
			files = (
				9E6090702BC770C300D018B2 /* _4th_SOPT_Seminar_AssignmentUITestsLaunchTests.swift in Sources */,
				9E60906E2BC770C300D018B2 /* _4th_SOPT_Seminar_AssignmentUITests.swift in Sources */,
			);
			runOnlyForDeploymentPostprocessing = 0;
		};
/* End PBXSourcesBuildPhase section */

/* Begin PBXTargetDependency section */
		9E6090612BC770C300D018B2 /* PBXTargetDependency */ = {
			isa = PBXTargetDependency;
			target = 9E6090482BC770C100D018B2 /* 34th-SOPT-Seminar-Assignment */;
			targetProxy = 9E6090602BC770C300D018B2 /* PBXContainerItemProxy */;
		};
		9E60906B2BC770C300D018B2 /* PBXTargetDependency */ = {
			isa = PBXTargetDependency;
			target = 9E6090482BC770C100D018B2 /* 34th-SOPT-Seminar-Assignment */;
			targetProxy = 9E60906A2BC770C300D018B2 /* PBXContainerItemProxy */;
		};
/* End PBXTargetDependency section */

/* Begin XCBuildConfiguration section */
		9E6090712BC770C300D018B2 /* Debug */ = {
			isa = XCBuildConfiguration;
			buildSettings = {
				ALWAYS_SEARCH_USER_PATHS = NO;
				ASSETCATALOG_COMPILER_GENERATE_SWIFT_ASSET_SYMBOL_EXTENSIONS = YES;
				CLANG_ANALYZER_NONNULL = YES;
				CLANG_ANALYZER_NUMBER_OBJECT_CONVERSION = YES_AGGRESSIVE;
				CLANG_CXX_LANGUAGE_STANDARD = "gnu++20";
				CLANG_ENABLE_MODULES = YES;
				CLANG_ENABLE_OBJC_ARC = YES;
				CLANG_ENABLE_OBJC_WEAK = YES;
				CLANG_WARN_BLOCK_CAPTURE_AUTORELEASING = YES;
				CLANG_WARN_BOOL_CONVERSION = YES;
				CLANG_WARN_COMMA = YES;
				CLANG_WARN_CONSTANT_CONVERSION = YES;
				CLANG_WARN_DEPRECATED_OBJC_IMPLEMENTATIONS = YES;
				CLANG_WARN_DIRECT_OBJC_ISA_USAGE = YES_ERROR;
				CLANG_WARN_DOCUMENTATION_COMMENTS = YES;
				CLANG_WARN_EMPTY_BODY = YES;
				CLANG_WARN_ENUM_CONVERSION = YES;
				CLANG_WARN_INFINITE_RECURSION = YES;
				CLANG_WARN_INT_CONVERSION = YES;
				CLANG_WARN_NON_LITERAL_NULL_CONVERSION = YES;
				CLANG_WARN_OBJC_IMPLICIT_RETAIN_SELF = YES;
				CLANG_WARN_OBJC_LITERAL_CONVERSION = YES;
				CLANG_WARN_OBJC_ROOT_CLASS = YES_ERROR;
				CLANG_WARN_QUOTED_INCLUDE_IN_FRAMEWORK_HEADER = YES;
				CLANG_WARN_RANGE_LOOP_ANALYSIS = YES;
				CLANG_WARN_STRICT_PROTOTYPES = YES;
				CLANG_WARN_SUSPICIOUS_MOVE = YES;
				CLANG_WARN_UNGUARDED_AVAILABILITY = YES_AGGRESSIVE;
				CLANG_WARN_UNREACHABLE_CODE = YES;
				CLANG_WARN__DUPLICATE_METHOD_MATCH = YES;
				COPY_PHASE_STRIP = NO;
				DEBUG_INFORMATION_FORMAT = dwarf;
				ENABLE_STRICT_OBJC_MSGSEND = YES;
				ENABLE_TESTABILITY = YES;
				ENABLE_USER_SCRIPT_SANDBOXING = YES;
				GCC_C_LANGUAGE_STANDARD = gnu17;
				GCC_DYNAMIC_NO_PIC = NO;
				GCC_NO_COMMON_BLOCKS = YES;
				GCC_OPTIMIZATION_LEVEL = 0;
				GCC_PREPROCESSOR_DEFINITIONS = (
					"DEBUG=1",
					"$(inherited)",
				);
				GCC_WARN_64_TO_32_BIT_CONVERSION = YES;
				GCC_WARN_ABOUT_RETURN_TYPE = YES_ERROR;
				GCC_WARN_UNDECLARED_SELECTOR = YES;
				GCC_WARN_UNINITIALIZED_AUTOS = YES_AGGRESSIVE;
				GCC_WARN_UNUSED_FUNCTION = YES;
				GCC_WARN_UNUSED_VARIABLE = YES;
				IPHONEOS_DEPLOYMENT_TARGET = 17.4;
				LOCALIZATION_PREFERS_STRING_CATALOGS = YES;
				MTL_ENABLE_DEBUG_INFO = INCLUDE_SOURCE;
				MTL_FAST_MATH = YES;
				ONLY_ACTIVE_ARCH = YES;
				SDKROOT = iphoneos;
				SWIFT_ACTIVE_COMPILATION_CONDITIONS = "DEBUG $(inherited)";
				SWIFT_OPTIMIZATION_LEVEL = "-Onone";
			};
			name = Debug;
		};
		9E6090722BC770C300D018B2 /* Release */ = {
			isa = XCBuildConfiguration;
			buildSettings = {
				ALWAYS_SEARCH_USER_PATHS = NO;
				ASSETCATALOG_COMPILER_GENERATE_SWIFT_ASSET_SYMBOL_EXTENSIONS = YES;
				CLANG_ANALYZER_NONNULL = YES;
				CLANG_ANALYZER_NUMBER_OBJECT_CONVERSION = YES_AGGRESSIVE;
				CLANG_CXX_LANGUAGE_STANDARD = "gnu++20";
				CLANG_ENABLE_MODULES = YES;
				CLANG_ENABLE_OBJC_ARC = YES;
				CLANG_ENABLE_OBJC_WEAK = YES;
				CLANG_WARN_BLOCK_CAPTURE_AUTORELEASING = YES;
				CLANG_WARN_BOOL_CONVERSION = YES;
				CLANG_WARN_COMMA = YES;
				CLANG_WARN_CONSTANT_CONVERSION = YES;
				CLANG_WARN_DEPRECATED_OBJC_IMPLEMENTATIONS = YES;
				CLANG_WARN_DIRECT_OBJC_ISA_USAGE = YES_ERROR;
				CLANG_WARN_DOCUMENTATION_COMMENTS = YES;
				CLANG_WARN_EMPTY_BODY = YES;
				CLANG_WARN_ENUM_CONVERSION = YES;
				CLANG_WARN_INFINITE_RECURSION = YES;
				CLANG_WARN_INT_CONVERSION = YES;
				CLANG_WARN_NON_LITERAL_NULL_CONVERSION = YES;
				CLANG_WARN_OBJC_IMPLICIT_RETAIN_SELF = YES;
				CLANG_WARN_OBJC_LITERAL_CONVERSION = YES;
				CLANG_WARN_OBJC_ROOT_CLASS = YES_ERROR;
				CLANG_WARN_QUOTED_INCLUDE_IN_FRAMEWORK_HEADER = YES;
				CLANG_WARN_RANGE_LOOP_ANALYSIS = YES;
				CLANG_WARN_STRICT_PROTOTYPES = YES;
				CLANG_WARN_SUSPICIOUS_MOVE = YES;
				CLANG_WARN_UNGUARDED_AVAILABILITY = YES_AGGRESSIVE;
				CLANG_WARN_UNREACHABLE_CODE = YES;
				CLANG_WARN__DUPLICATE_METHOD_MATCH = YES;
				COPY_PHASE_STRIP = NO;
				DEBUG_INFORMATION_FORMAT = "dwarf-with-dsym";
				ENABLE_NS_ASSERTIONS = NO;
				ENABLE_STRICT_OBJC_MSGSEND = YES;
				ENABLE_USER_SCRIPT_SANDBOXING = YES;
				GCC_C_LANGUAGE_STANDARD = gnu17;
				GCC_NO_COMMON_BLOCKS = YES;
				GCC_WARN_64_TO_32_BIT_CONVERSION = YES;
				GCC_WARN_ABOUT_RETURN_TYPE = YES_ERROR;
				GCC_WARN_UNDECLARED_SELECTOR = YES;
				GCC_WARN_UNINITIALIZED_AUTOS = YES_AGGRESSIVE;
				GCC_WARN_UNUSED_FUNCTION = YES;
				GCC_WARN_UNUSED_VARIABLE = YES;
				IPHONEOS_DEPLOYMENT_TARGET = 17.4;
				LOCALIZATION_PREFERS_STRING_CATALOGS = YES;
				MTL_ENABLE_DEBUG_INFO = NO;
				MTL_FAST_MATH = YES;
				SDKROOT = iphoneos;
				SWIFT_COMPILATION_MODE = wholemodule;
				VALIDATE_PRODUCT = YES;
			};
			name = Release;
		};
		9E6090742BC770C300D018B2 /* Debug */ = {
			isa = XCBuildConfiguration;
			buildSettings = {
				ASSETCATALOG_COMPILER_APPICON_NAME = AppIcon;
				ASSETCATALOG_COMPILER_GLOBAL_ACCENT_COLOR_NAME = AccentColor;
				BASE_URL = "https://kobis.or.kr/kobisopenapi/webservice/rest/boxoffice";
				CODE_SIGN_STYLE = Automatic;
				CURRENT_PROJECT_VERSION = 1;
				DEVELOPMENT_TEAM = A95XXD5WT7;
				GENERATE_INFOPLIST_FILE = YES;
				INFOPLIST_FILE = "34th-SOPT-Seminar-Assignment/Supports/Info.plist";
				INFOPLIST_KEY_UIApplicationSupportsIndirectInputEvents = YES;
				INFOPLIST_KEY_UILaunchStoryboardName = LaunchScreen;
				INFOPLIST_KEY_UISupportedInterfaceOrientations_iPad = "UIInterfaceOrientationPortrait UIInterfaceOrientationPortraitUpsideDown UIInterfaceOrientationLandscapeLeft UIInterfaceOrientationLandscapeRight";
				INFOPLIST_KEY_UISupportedInterfaceOrientations_iPhone = "UIInterfaceOrientationPortrait UIInterfaceOrientationLandscapeLeft UIInterfaceOrientationLandscapeRight";
				LD_RUNPATH_SEARCH_PATHS = (
					"$(inherited)",
					"@executable_path/Frameworks",
				);
				MARKETING_VERSION = 1.0;
				MOVIEAPI_KEY = 98a8c769410dc81abd967ed65b1dc2f5;
				PRODUCT_BUNDLE_IDENTIFIER = "com.test.-4th-SOPT-Seminar-Assignment";
				PRODUCT_NAME = "$(TARGET_NAME)";
				SUPPORTED_PLATFORMS = "iphoneos iphonesimulator";
				SUPPORTS_MACCATALYST = NO;
				SUPPORTS_MAC_DESIGNED_FOR_IPHONE_IPAD = NO;
				SUPPORTS_XR_DESIGNED_FOR_IPHONE_IPAD = NO;
				SWIFT_EMIT_LOC_STRINGS = YES;
				SWIFT_VERSION = 5.0;
				TARGETED_DEVICE_FAMILY = "1,2";
			};
			name = Debug;
		};
		9E6090752BC770C300D018B2 /* Release */ = {
			isa = XCBuildConfiguration;
			buildSettings = {
				ASSETCATALOG_COMPILER_APPICON_NAME = AppIcon;
				ASSETCATALOG_COMPILER_GLOBAL_ACCENT_COLOR_NAME = AccentColor;
				BASE_URL = "https://kobis.or.kr/kobisopenapi/webservice/rest/boxoffice";
				CODE_SIGN_STYLE = Automatic;
				CURRENT_PROJECT_VERSION = 1;
				DEVELOPMENT_TEAM = A95XXD5WT7;
				GENERATE_INFOPLIST_FILE = YES;
				INFOPLIST_FILE = "34th-SOPT-Seminar-Assignment/Supports/Info.plist";
				INFOPLIST_KEY_UIApplicationSupportsIndirectInputEvents = YES;
				INFOPLIST_KEY_UILaunchStoryboardName = LaunchScreen;
				INFOPLIST_KEY_UISupportedInterfaceOrientations_iPad = "UIInterfaceOrientationPortrait UIInterfaceOrientationPortraitUpsideDown UIInterfaceOrientationLandscapeLeft UIInterfaceOrientationLandscapeRight";
				INFOPLIST_KEY_UISupportedInterfaceOrientations_iPhone = "UIInterfaceOrientationPortrait UIInterfaceOrientationLandscapeLeft UIInterfaceOrientationLandscapeRight";
				LD_RUNPATH_SEARCH_PATHS = (
					"$(inherited)",
					"@executable_path/Frameworks",
				);
				MARKETING_VERSION = 1.0;
				MOVIEAPI_KEY = 98a8c769410dc81abd967ed65b1dc2f5;
				PRODUCT_BUNDLE_IDENTIFIER = "com.test.-4th-SOPT-Seminar-Assignment";
				PRODUCT_NAME = "$(TARGET_NAME)";
				SUPPORTED_PLATFORMS = "iphoneos iphonesimulator";
				SUPPORTS_MACCATALYST = NO;
				SUPPORTS_MAC_DESIGNED_FOR_IPHONE_IPAD = NO;
				SUPPORTS_XR_DESIGNED_FOR_IPHONE_IPAD = NO;
				SWIFT_EMIT_LOC_STRINGS = YES;
				SWIFT_VERSION = 5.0;
				TARGETED_DEVICE_FAMILY = "1,2";
			};
			name = Release;
		};
		9E6090772BC770C300D018B2 /* Debug */ = {
			isa = XCBuildConfiguration;
			buildSettings = {
				ALWAYS_EMBED_SWIFT_STANDARD_LIBRARIES = YES;
				BUNDLE_LOADER = "$(TEST_HOST)";
				CODE_SIGN_STYLE = Automatic;
				CURRENT_PROJECT_VERSION = 1;
				DEVELOPMENT_TEAM = A95XXD5WT7;
				GENERATE_INFOPLIST_FILE = YES;
				IPHONEOS_DEPLOYMENT_TARGET = 17.4;
				MARKETING_VERSION = 1.0;
				PRODUCT_BUNDLE_IDENTIFIER = "com.test.-4th-SOPT-Seminar-AssignmentTests";
				PRODUCT_NAME = "$(TARGET_NAME)";
				SWIFT_EMIT_LOC_STRINGS = NO;
				SWIFT_VERSION = 5.0;
				TARGETED_DEVICE_FAMILY = "1,2";
				TEST_HOST = "$(BUILT_PRODUCTS_DIR)/34th-SOPT-Seminar-Assignment.app/$(BUNDLE_EXECUTABLE_FOLDER_PATH)/34th-SOPT-Seminar-Assignment";
			};
			name = Debug;
		};
		9E6090782BC770C300D018B2 /* Release */ = {
			isa = XCBuildConfiguration;
			buildSettings = {
				ALWAYS_EMBED_SWIFT_STANDARD_LIBRARIES = YES;
				BUNDLE_LOADER = "$(TEST_HOST)";
				CODE_SIGN_STYLE = Automatic;
				CURRENT_PROJECT_VERSION = 1;
				DEVELOPMENT_TEAM = A95XXD5WT7;
				GENERATE_INFOPLIST_FILE = YES;
				IPHONEOS_DEPLOYMENT_TARGET = 17.4;
				MARKETING_VERSION = 1.0;
				PRODUCT_BUNDLE_IDENTIFIER = "com.test.-4th-SOPT-Seminar-AssignmentTests";
				PRODUCT_NAME = "$(TARGET_NAME)";
				SWIFT_EMIT_LOC_STRINGS = NO;
				SWIFT_VERSION = 5.0;
				TARGETED_DEVICE_FAMILY = "1,2";
				TEST_HOST = "$(BUILT_PRODUCTS_DIR)/34th-SOPT-Seminar-Assignment.app/$(BUNDLE_EXECUTABLE_FOLDER_PATH)/34th-SOPT-Seminar-Assignment";
			};
			name = Release;
		};
		9E60907A2BC770C300D018B2 /* Debug */ = {
			isa = XCBuildConfiguration;
			buildSettings = {
				ALWAYS_EMBED_SWIFT_STANDARD_LIBRARIES = YES;
				CODE_SIGN_STYLE = Automatic;
				CURRENT_PROJECT_VERSION = 1;
				DEVELOPMENT_TEAM = A95XXD5WT7;
				GENERATE_INFOPLIST_FILE = YES;
				MARKETING_VERSION = 1.0;
				PRODUCT_BUNDLE_IDENTIFIER = "com.test.-4th-SOPT-Seminar-AssignmentUITests";
				PRODUCT_NAME = "$(TARGET_NAME)";
				SWIFT_EMIT_LOC_STRINGS = NO;
				SWIFT_VERSION = 5.0;
				TARGETED_DEVICE_FAMILY = "1,2";
				TEST_TARGET_NAME = "34th-SOPT-Seminar-Assignment";
			};
			name = Debug;
		};
		9E60907B2BC770C300D018B2 /* Release */ = {
			isa = XCBuildConfiguration;
			buildSettings = {
				ALWAYS_EMBED_SWIFT_STANDARD_LIBRARIES = YES;
				CODE_SIGN_STYLE = Automatic;
				CURRENT_PROJECT_VERSION = 1;
				DEVELOPMENT_TEAM = A95XXD5WT7;
				GENERATE_INFOPLIST_FILE = YES;
				MARKETING_VERSION = 1.0;
				PRODUCT_BUNDLE_IDENTIFIER = "com.test.-4th-SOPT-Seminar-AssignmentUITests";
				PRODUCT_NAME = "$(TARGET_NAME)";
				SWIFT_EMIT_LOC_STRINGS = NO;
				SWIFT_VERSION = 5.0;
				TARGETED_DEVICE_FAMILY = "1,2";
				TEST_TARGET_NAME = "34th-SOPT-Seminar-Assignment";
			};
			name = Release;
		};
/* End XCBuildConfiguration section */

/* Begin XCConfigurationList section */
		9E6090442BC770C100D018B2 /* Build configuration list for PBXProject "34th-SOPT-Seminar-Assignment" */ = {
			isa = XCConfigurationList;
			buildConfigurations = (
				9E6090712BC770C300D018B2 /* Debug */,
				9E6090722BC770C300D018B2 /* Release */,
			);
			defaultConfigurationIsVisible = 0;
			defaultConfigurationName = Release;
		};
		9E6090732BC770C300D018B2 /* Build configuration list for PBXNativeTarget "34th-SOPT-Seminar-Assignment" */ = {
			isa = XCConfigurationList;
			buildConfigurations = (
				9E6090742BC770C300D018B2 /* Debug */,
				9E6090752BC770C300D018B2 /* Release */,
			);
			defaultConfigurationIsVisible = 0;
			defaultConfigurationName = Release;
		};
		9E6090762BC770C300D018B2 /* Build configuration list for PBXNativeTarget "34th-SOPT-Seminar-AssignmentTests" */ = {
			isa = XCConfigurationList;
			buildConfigurations = (
				9E6090772BC770C300D018B2 /* Debug */,
				9E6090782BC770C300D018B2 /* Release */,
			);
			defaultConfigurationIsVisible = 0;
			defaultConfigurationName = Release;
		};
		9E6090792BC770C300D018B2 /* Build configuration list for PBXNativeTarget "34th-SOPT-Seminar-AssignmentUITests" */ = {
			isa = XCConfigurationList;
			buildConfigurations = (
				9E60907A2BC770C300D018B2 /* Debug */,
				9E60907B2BC770C300D018B2 /* Release */,
			);
			defaultConfigurationIsVisible = 0;
			defaultConfigurationName = Release;
		};
/* End XCConfigurationList section */

/* Begin XCRemoteSwiftPackageReference section */
		9E1B08932BD2047E007AAB48 /* XCRemoteSwiftPackageReference "SnapKit" */ = {
			isa = XCRemoteSwiftPackageReference;
			repositoryURL = "https://github.com/SnapKit/SnapKit.git";
			requirement = {
				kind = upToNextMajorVersion;
				minimumVersion = 5.7.1;
			};
		};
		9E1B08962BD20489007AAB48 /* XCRemoteSwiftPackageReference "Then" */ = {
			isa = XCRemoteSwiftPackageReference;
			repositoryURL = "https://github.com/devxoul/Then.git";
			requirement = {
				kind = upToNextMajorVersion;
				minimumVersion = 3.0.0;
			};
		};
		9E1B08F92BDA2682007AAB48 /* XCRemoteSwiftPackageReference "LookinServer" */ = {
			isa = XCRemoteSwiftPackageReference;
			repositoryURL = "https://github.com/QMUI/LookinServer";
			requirement = {
				kind = upToNextMajorVersion;
				minimumVersion = 1.2.8;
			};
		};
		9E6451E12C1238FA0026C29D /* XCRemoteSwiftPackageReference "RxSwift" */ = {
			isa = XCRemoteSwiftPackageReference;
			repositoryURL = "https://github.com/ReactiveX/RxSwift";
			requirement = {
				kind = upToNextMajorVersion;
				minimumVersion = 6.7.1;
			};
		};
		9E659FDF2BEDD389004B9297 /* XCRemoteSwiftPackageReference "Moya" */ = {
			isa = XCRemoteSwiftPackageReference;
			repositoryURL = "https://github.com/Moya/Moya.git";
			requirement = {
				kind = upToNextMajorVersion;
				minimumVersion = 15.0.3;
			};
		};
/* End XCRemoteSwiftPackageReference section */

/* Begin XCSwiftPackageProductDependency section */
		9E1B08942BD2047E007AAB48 /* SnapKit */ = {
			isa = XCSwiftPackageProductDependency;
			package = 9E1B08932BD2047E007AAB48 /* XCRemoteSwiftPackageReference "SnapKit" */;
			productName = SnapKit;
		};
		9E1B08972BD20489007AAB48 /* Then */ = {
			isa = XCSwiftPackageProductDependency;
			package = 9E1B08962BD20489007AAB48 /* XCRemoteSwiftPackageReference "Then" */;
			productName = Then;
		};
		9E1B08FA2BDA2682007AAB48 /* LookinServer */ = {
			isa = XCSwiftPackageProductDependency;
			package = 9E1B08F92BDA2682007AAB48 /* XCRemoteSwiftPackageReference "LookinServer" */;
			productName = LookinServer;
		};
		9E6451E22C1238FA0026C29D /* RxCocoa */ = {
			isa = XCSwiftPackageProductDependency;
			package = 9E6451E12C1238FA0026C29D /* XCRemoteSwiftPackageReference "RxSwift" */;
			productName = RxCocoa;
		};
		9E6451E42C1238FA0026C29D /* RxRelay */ = {
			isa = XCSwiftPackageProductDependency;
			package = 9E6451E12C1238FA0026C29D /* XCRemoteSwiftPackageReference "RxSwift" */;
			productName = RxRelay;
		};
		9E6451E62C1238FA0026C29D /* RxSwift */ = {
			isa = XCSwiftPackageProductDependency;
			package = 9E6451E12C1238FA0026C29D /* XCRemoteSwiftPackageReference "RxSwift" */;
			productName = RxSwift;
		};
		9E659FE02BEDD389004B9297 /* Moya */ = {
			isa = XCSwiftPackageProductDependency;
			package = 9E659FDF2BEDD389004B9297 /* XCRemoteSwiftPackageReference "Moya" */;
			productName = Moya;
		};
/* End XCSwiftPackageProductDependency section */
	};
	rootObject = 9E6090412BC770C100D018B2 /* Project object */;
}
